# This file is automatically @generated by Poetry 1.8.3 and should not be changed by hand.

[[package]]
name = "pygyat"
version = "1.0.6b0"
description = "Python with rizz"
optional = false
python-versions = "*"
files = [
    {file = "pygyat-1.0.6b0-py3-none-any.whl", hash = "sha256:b75b61b5425012d5f55f3d0455bfcf6103c6f42383221a663793ea481a3357f2"},
    {file = "pygyat-1.0.6b0.tar.gz", hash = "sha256:6fc696cb1006fe30c8ff412d93ecd1b6bfd8242e4efaed583e8cb3422d1932cf"},
]

[metadata]
lock-version = "2.0"
python-versions = "^3.12"
content-hash = "763bceab7b283a1c38510d5591d917334b782def4e835ab339d63c4f46a61d42"
